
Microsoft Visual Studio Solution File, Format Version 12.00
# Visual Studio Version 16
VisualStudioVersion = 16.0.30621.155
MinimumVisualStudioVersion = 10.0.40219.1
Project("{FAE04EC0-301F-11D3-BF4B-00C04F79EFBC}") = "MobileLabs2.2.UWP", "MobileLabs2.2\MobileLabs2.2.UWP\MobileLabs2.2.UWP.csproj", "{A3F1DD9B-0F21-499D-A1EB-4B76EC4A146B}"
EndProject
Project("{FAE04EC0-301F-11D3-BF4B-00C04F79EFBC}") = "MobileLabs2.2.Android", "MobileLabs2.2\MobileLabs2.2.Android\MobileLabs2.2.Android.csproj", "{7B13B0C6-FEA8-40E8-9D02-ED2985D72505}"
EndProject
Project("{FAE04EC0-301F-11D3-BF4B-00C04F79EFBC}") = "MobileLabs2.2.iOS", "MobileLabs2.2\MobileLabs2.2.iOS\MobileLabs2.2.iOS.csproj", "{94B3FA0F-58C9-4845-B40C-066B18DE8D10}"
EndProject
Project("{FAE04EC0-301F-11D3-BF4B-00C04F79EFBC}") = "MobileLabs2.2", "MobileLabs2.2\MobileLabs2.2\MobileLabs2.2.csproj", "{9483FF1C-0A8A-41FF-94F0-B322345139BC}"
EndProject
Global
	GlobalSection(SolutionConfigurationPlatforms) = preSolution
		Debug|Any CPU = Debug|Any CPU
		Debug|ARM = Debug|ARM
		Debug|iPhone = Debug|iPhone
		Debug|iPhoneSimulator = Debug|iPhoneSimulator
		Debug|x64 = Debug|x64
		Debug|x86 = Debug|x86
		Release|Any CPU = Release|Any CPU
		Release|ARM = Release|ARM
		Release|iPhone = Release|iPhone
		Release|iPhoneSimulator = Release|iPhoneSimulator
		Release|x64 = Release|x64
		Release|x86 = Release|x86
	EndGlobalSection
	GlobalSection(ProjectConfigurationPlatforms) = postSolution
		{A3F1DD9B-0F21-499D-A1EB-4B76EC4A146B}.Debug|Any CPU.ActiveCfg = Debug|x86
		{A3F1DD9B-0F21-499D-A1EB-4B76EC4A146B}.Debug|Any CPU.Build.0 = Debug|x86
		{A3F1DD9B-0F21-499D-A1EB-4B76EC4A146B}.Debug|Any CPU.Deploy.0 = Debug|x86
		{A3F1DD9B-0F21-499D-A1EB-4B76EC4A146B}.Debug|ARM.ActiveCfg = Debug|ARM
		{A3F1DD9B-0F21-499D-A1EB-4B76EC4A146B}.Debug|ARM.Build.0 = Debug|ARM
		{A3F1DD9B-0F21-499D-A1EB-4B76EC4A146B}.Debug|ARM.Deploy.0 = Debug|ARM
		{A3F1DD9B-0F21-499D-A1EB-4B76EC4A146B}.Debug|iPhone.ActiveCfg = Debug|x86
		{A3F1DD9B-0F21-499D-A1EB-4B76EC4A146B}.Debug|iPhone.Build.0 = Debug|x86
		{A3F1DD9B-0F21-499D-A1EB-4B76EC4A146B}.Debug|iPhone.Deploy.0 = Debug|x86
		{A3F1DD9B-0F21-499D-A1EB-4B76EC4A146B}.Debug|iPhoneSimulator.ActiveCfg = Debug|x86
		{A3F1DD9B-0F21-499D-A1EB-4B76EC4A146B}.Debug|iPhoneSimulator.Build.0 = Debug|x86
		{A3F1DD9B-0F21-499D-A1EB-4B76EC4A146B}.Debug|iPhoneSimulator.Deploy.0 = Debug|x86
		{A3F1DD9B-0F21-499D-A1EB-4B76EC4A146B}.Debug|x64.ActiveCfg = Debug|x64
		{A3F1DD9B-0F21-499D-A1EB-4B76EC4A146B}.Debug|x64.Build.0 = Debug|x64
		{A3F1DD9B-0F21-499D-A1EB-4B76EC4A146B}.Debug|x64.Deploy.0 = Debug|x64
		{A3F1DD9B-0F21-499D-A1EB-4B76EC4A146B}.Debug|x86.ActiveCfg = Debug|x86
		{A3F1DD9B-0F21-499D-A1EB-4B76EC4A146B}.Debug|x86.Build.0 = Debug|x86
		{A3F1DD9B-0F21-499D-A1EB-4B76EC4A146B}.Debug|x86.Deploy.0 = Debug|x86
		{A3F1DD9B-0F21-499D-A1EB-4B76EC4A146B}.Release|Any CPU.ActiveCfg = Release|x86
		{A3F1DD9B-0F21-499D-A1EB-4B76EC4A146B}.Release|Any CPU.Build.0 = Release|x86
		{A3F1DD9B-0F21-499D-A1EB-4B76EC4A146B}.Release|Any CPU.Deploy.0 = Release|x86
		{A3F1DD9B-0F21-499D-A1EB-4B76EC4A146B}.Release|ARM.ActiveCfg = Release|ARM
		{A3F1DD9B-0F21-499D-A1EB-4B76EC4A146B}.Release|ARM.Build.0 = Release|ARM
		{A3F1DD9B-0F21-499D-A1EB-4B76EC4A146B}.Release|ARM.Deploy.0 = Release|ARM
		{A3F1DD9B-0F21-499D-A1EB-4B76EC4A146B}.Release|iPhone.ActiveCfg = Release|x86
		{A3F1DD9B-0F21-499D-A1EB-4B76EC4A146B}.Release|iPhone.Build.0 = Release|x86
		{A3F1DD9B-0F21-499D-A1EB-4B76EC4A146B}.Release|iPhone.Deploy.0 = Release|x86
		{A3F1DD9B-0F21-499D-A1EB-4B76EC4A146B}.Release|iPhoneSimulator.ActiveCfg = Release|x86
		{A3F1DD9B-0F21-499D-A1EB-4B76EC4A146B}.Release|iPhoneSimulator.Build.0 = Release|x86
		{A3F1DD9B-0F21-499D-A1EB-4B76EC4A146B}.Release|iPhoneSimulator.Deploy.0 = Release|x86
		{A3F1DD9B-0F21-499D-A1EB-4B76EC4A146B}.Release|x64.ActiveCfg = Release|x64
		{A3F1DD9B-0F21-499D-A1EB-4B76EC4A146B}.Release|x64.Build.0 = Release|x64
		{A3F1DD9B-0F21-499D-A1EB-4B76EC4A146B}.Release|x64.Deploy.0 = Release|x64
		{A3F1DD9B-0F21-499D-A1EB-4B76EC4A146B}.Release|x86.ActiveCfg = Release|x86
		{A3F1DD9B-0F21-499D-A1EB-4B76EC4A146B}.Release|x86.Build.0 = Release|x86
		{A3F1DD9B-0F21-499D-A1EB-4B76EC4A146B}.Release|x86.Deploy.0 = Release|x86
		{7B13B0C6-FEA8-40E8-9D02-ED2985D72505}.Debug|Any CPU.ActiveCfg = Debug|Any CPU
		{7B13B0C6-FEA8-40E8-9D02-ED2985D72505}.Debug|Any CPU.Build.0 = Debug|Any CPU
		{7B13B0C6-FEA8-40E8-9D02-ED2985D72505}.Debug|Any CPU.Deploy.0 = Debug|Any CPU
		{7B13B0C6-FEA8-40E8-9D02-ED2985D72505}.Debug|ARM.ActiveCfg = Debug|Any CPU
		{7B13B0C6-FEA8-40E8-9D02-ED2985D72505}.Debug|ARM.Build.0 = Debug|Any CPU
		{7B13B0C6-FEA8-40E8-9D02-ED2985D72505}.Debug|ARM.Deploy.0 = Debug|Any CPU
		{7B13B0C6-FEA8-40E8-9D02-ED2985D72505}.Debug|iPhone.ActiveCfg = Debug|Any CPU
		{7B13B0C6-FEA8-40E8-9D02-ED2985D72505}.Debug|iPhone.Build.0 = Debug|Any CPU
		{7B13B0C6-FEA8-40E8-9D02-ED2985D72505}.Debug|iPhone.Deploy.0 = Debug|Any CPU
		{7B13B0C6-FEA8-40E8-9D02-ED2985D72505}.Debug|iPhoneSimulator.ActiveCfg = Debug|Any CPU
		{7B13B0C6-FEA8-40E8-9D02-ED2985D72505}.Debug|iPhoneSimulator.Build.0 = Debug|Any CPU
		{7B13B0C6-FEA8-40E8-9D02-ED2985D72505}.Debug|iPhoneSimulator.Deploy.0 = Debug|Any CPU
		{7B13B0C6-FEA8-40E8-9D02-ED2985D72505}.Debug|x64.ActiveCfg = Debug|Any CPU
		{7B13B0C6-FEA8-40E8-9D02-ED2985D72505}.Debug|x64.Build.0 = Debug|Any CPU
		{7B13B0C6-FEA8-40E8-9D02-ED2985D72505}.Debug|x64.Deploy.0 = Debug|Any CPU
		{7B13B0C6-FEA8-40E8-9D02-ED2985D72505}.Debug|x86.ActiveCfg = Debug|Any CPU
		{7B13B0C6-FEA8-40E8-9D02-ED2985D72505}.Debug|x86.Build.0 = Debug|Any CPU
		{7B13B0C6-FEA8-40E8-9D02-ED2985D72505}.Debug|x86.Deploy.0 = Debug|Any CPU
		{7B13B0C6-FEA8-40E8-9D02-ED2985D72505}.Release|Any CPU.ActiveCfg = Release|Any CPU
		{7B13B0C6-FEA8-40E8-9D02-ED2985D72505}.Release|Any CPU.Build.0 = Release|Any CPU
		{7B13B0C6-FEA8-40E8-9D02-ED2985D72505}.Release|Any CPU.Deploy.0 = Release|Any CPU
		{7B13B0C6-FEA8-40E8-9D02-ED2985D72505}.Release|ARM.ActiveCfg = Release|Any CPU
		{7B13B0C6-FEA8-40E8-9D02-ED2985D72505}.Release|ARM.Build.0 = Release|Any CPU
		{7B13B0C6-FEA8-40E8-9D02-ED2985D72505}.Release|ARM.Deploy.0 = Release|Any CPU
		{7B13B0C6-FEA8-40E8-9D02-ED2985D72505}.Release|iPhone.ActiveCfg = Release|Any CPU
		{7B13B0C6-FEA8-40E8-9D02-ED2985D72505}.Release|iPhone.Build.0 = Release|Any CPU
		{7B13B0C6-FEA8-40E8-9D02-ED2985D72505}.Release|iPhone.Deploy.0 = Release|Any CPU
		{7B13B0C6-FEA8-40E8-9D02-ED2985D72505}.Release|iPhoneSimulator.ActiveCfg = Release|Any CPU
		{7B13B0C6-FEA8-40E8-9D02-ED2985D72505}.Release|iPhoneSimulator.Build.0 = Release|Any CPU
		{7B13B0C6-FEA8-40E8-9D02-ED2985D72505}.Release|iPhoneSimulator.Deploy.0 = Release|Any CPU
		{7B13B0C6-FEA8-40E8-9D02-ED2985D72505}.Release|x64.ActiveCfg = Release|Any CPU
		{7B13B0C6-FEA8-40E8-9D02-ED2985D72505}.Release|x64.Build.0 = Release|Any CPU
		{7B13B0C6-FEA8-40E8-9D02-ED2985D72505}.Release|x64.Deploy.0 = Release|Any CPU
		{7B13B0C6-FEA8-40E8-9D02-ED2985D72505}.Release|x86.ActiveCfg = Release|Any CPU
		{7B13B0C6-FEA8-40E8-9D02-ED2985D72505}.Release|x86.Build.0 = Release|Any CPU
		{7B13B0C6-FEA8-40E8-9D02-ED2985D72505}.Release|x86.Deploy.0 = Release|Any CPU
		{94B3FA0F-58C9-4845-B40C-066B18DE8D10}.Debug|Any CPU.ActiveCfg = Debug|iPhoneSimulator
		{94B3FA0F-58C9-4845-B40C-066B18DE8D10}.Debug|Any CPU.Build.0 = Debug|iPhoneSimulator
		{94B3FA0F-58C9-4845-B40C-066B18DE8D10}.Debug|Any CPU.Deploy.0 = Debug|iPhoneSimulator
		{94B3FA0F-58C9-4845-B40C-066B18DE8D10}.Debug|ARM.ActiveCfg = Debug|iPhone
		{94B3FA0F-58C9-4845-B40C-066B18DE8D10}.Debug|ARM.Build.0 = Debug|iPhone
		{94B3FA0F-58C9-4845-B40C-066B18DE8D10}.Debug|ARM.Deploy.0 = Debug|iPhone
		{94B3FA0F-58C9-4845-B40C-066B18DE8D10}.Debug|iPhone.ActiveCfg = Debug|iPhone
		{94B3FA0F-58C9-4845-B40C-066B18DE8D10}.Debug|iPhone.Build.0 = Debug|iPhone
		{94B3FA0F-58C9-4845-B40C-066B18DE8D10}.Debug|iPhone.Deploy.0 = Debug|iPhone
		{94B3FA0F-58C9-4845-B40C-066B18DE8D10}.Debug|iPhoneSimulator.ActiveCfg = Debug|iPhoneSimulator
		{94B3FA0F-58C9-4845-B40C-066B18DE8D10}.Debug|iPhoneSimulator.Build.0 = Debug|iPhoneSimulator
		{94B3FA0F-58C9-4845-B40C-066B18DE8D10}.Debug|iPhoneSimulator.Deploy.0 = Debug|iPhoneSimulator
		{94B3FA0F-58C9-4845-B40C-066B18DE8D10}.Debug|x64.ActiveCfg = Debug|iPhoneSimulator
		{94B3FA0F-58C9-4845-B40C-066B18DE8D10}.Debug|x64.Build.0 = Debug|iPhoneSimulator
		{94B3FA0F-58C9-4845-B40C-066B18DE8D10}.Debug|x64.Deploy.0 = Debug|iPhoneSimulator
		{94B3FA0F-58C9-4845-B40C-066B18DE8D10}.Debug|x86.ActiveCfg = Debug|iPhoneSimulator
		{94B3FA0F-58C9-4845-B40C-066B18DE8D10}.Debug|x86.Build.0 = Debug|iPhoneSimulator
		{94B3FA0F-58C9-4845-B40C-066B18DE8D10}.Debug|x86.Deploy.0 = Debug|iPhoneSimulator
		{94B3FA0F-58C9-4845-B40C-066B18DE8D10}.Release|Any CPU.ActiveCfg = Release|iPhoneSimulator
		{94B3FA0F-58C9-4845-B40C-066B18DE8D10}.Release|Any CPU.Build.0 = Release|iPhoneSimulator
		{94B3FA0F-58C9-4845-B40C-066B18DE8D10}.Release|Any CPU.Deploy.0 = Release|iPhoneSimulator
		{94B3FA0F-58C9-4845-B40C-066B18DE8D10}.Release|ARM.ActiveCfg = Release|iPhoneSimulator
		{94B3FA0F-58C9-4845-B40C-066B18DE8D10}.Release|ARM.Build.0 = Release|iPhoneSimulator
		{94B3FA0F-58C9-4845-B40C-066B18DE8D10}.Release|ARM.Deploy.0 = Release|iPhoneSimulator
		{94B3FA0F-58C9-4845-B40C-066B18DE8D10}.Release|iPhone.ActiveCfg = Release|iPhone
		{94B3FA0F-58C9-4845-B40C-066B18DE8D10}.Release|iPhone.Build.0 = Release|iPhone
		{94B3FA0F-58C9-4845-B40C-066B18DE8D10}.Release|iPhone.Deploy.0 = Release|iPhone
		{94B3FA0F-58C9-4845-B40C-066B18DE8D10}.Release|iPhoneSimulator.ActiveCfg = Release|iPhoneSimulator
		{94B3FA0F-58C9-4845-B40C-066B18DE8D10}.Release|iPhoneSimulator.Build.0 = Release|iPhoneSimulator
		{94B3FA0F-58C9-4845-B40C-066B18DE8D10}.Release|iPhoneSimulator.Deploy.0 = Release|iPhoneSimulator
		{94B3FA0F-58C9-4845-B40C-066B18DE8D10}.Release|x64.ActiveCfg = Release|iPhoneSimulator
		{94B3FA0F-58C9-4845-B40C-066B18DE8D10}.Release|x64.Build.0 = Release|iPhoneSimulator
		{94B3FA0F-58C9-4845-B40C-066B18DE8D10}.Release|x64.Deploy.0 = Release|iPhoneSimulator
		{94B3FA0F-58C9-4845-B40C-066B18DE8D10}.Release|x86.ActiveCfg = Release|iPhoneSimulator
		{94B3FA0F-58C9-4845-B40C-066B18DE8D10}.Release|x86.Build.0 = Release|iPhoneSimulator
		{94B3FA0F-58C9-4845-B40C-066B18DE8D10}.Release|x86.Deploy.0 = Release|iPhoneSimulator
		{9483FF1C-0A8A-41FF-94F0-B322345139BC}.Debug|Any CPU.ActiveCfg = Debug|Any CPU
		{9483FF1C-0A8A-41FF-94F0-B322345139BC}.Debug|Any CPU.Build.0 = Debug|Any CPU
		{9483FF1C-0A8A-41FF-94F0-B322345139BC}.Debug|Any CPU.Deploy.0 = Debug|Any CPU
		{9483FF1C-0A8A-41FF-94F0-B322345139BC}.Debug|ARM.ActiveCfg = Debug|Any CPU
		{9483FF1C-0A8A-41FF-94F0-B322345139BC}.Debug|ARM.Build.0 = Debug|Any CPU
		{9483FF1C-0A8A-41FF-94F0-B322345139BC}.Debug|ARM.Deploy.0 = Debug|Any CPU
		{9483FF1C-0A8A-41FF-94F0-B322345139BC}.Debug|iPhone.ActiveCfg = Debug|Any CPU
		{9483FF1C-0A8A-41FF-94F0-B322345139BC}.Debug|iPhone.Build.0 = Debug|Any CPU
		{9483FF1C-0A8A-41FF-94F0-B322345139BC}.Debug|iPhone.Deploy.0 = Debug|Any CPU
		{9483FF1C-0A8A-41FF-94F0-B322345139BC}.Debug|iPhoneSimulator.ActiveCfg = Debug|Any CPU
		{9483FF1C-0A8A-41FF-94F0-B322345139BC}.Debug|iPhoneSimulator.Build.0 = Debug|Any CPU
		{9483FF1C-0A8A-41FF-94F0-B322345139BC}.Debug|iPhoneSimulator.Deploy.0 = Debug|Any CPU
		{9483FF1C-0A8A-41FF-94F0-B322345139BC}.Debug|x64.ActiveCfg = Debug|Any CPU
		{9483FF1C-0A8A-41FF-94F0-B322345139BC}.Debug|x64.Build.0 = Debug|Any CPU
		{9483FF1C-0A8A-41FF-94F0-B322345139BC}.Debug|x64.Deploy.0 = Debug|Any CPU
		{9483FF1C-0A8A-41FF-94F0-B322345139BC}.Debug|x86.ActiveCfg = Debug|Any CPU
		{9483FF1C-0A8A-41FF-94F0-B322345139BC}.Debug|x86.Build.0 = Debug|Any CPU
		{9483FF1C-0A8A-41FF-94F0-B322345139BC}.Debug|x86.Deploy.0 = Debug|Any CPU
		{9483FF1C-0A8A-41FF-94F0-B322345139BC}.Release|Any CPU.ActiveCfg = Release|Any CPU
		{9483FF1C-0A8A-41FF-94F0-B322345139BC}.Release|Any CPU.Build.0 = Release|Any CPU
		{9483FF1C-0A8A-41FF-94F0-B322345139BC}.Release|Any CPU.Deploy.0 = Release|Any CPU
		{9483FF1C-0A8A-41FF-94F0-B322345139BC}.Release|ARM.ActiveCfg = Release|Any CPU
		{9483FF1C-0A8A-41FF-94F0-B322345139BC}.Release|ARM.Build.0 = Release|Any CPU
		{9483FF1C-0A8A-41FF-94F0-B322345139BC}.Release|ARM.Deploy.0 = Release|Any CPU
		{9483FF1C-0A8A-41FF-94F0-B322345139BC}.Release|iPhone.ActiveCfg = Release|Any CPU
		{9483FF1C-0A8A-41FF-94F0-B322345139BC}.Release|iPhone.Build.0 = Release|Any CPU
		{9483FF1C-0A8A-41FF-94F0-B322345139BC}.Release|iPhone.Deploy.0 = Release|Any CPU
		{9483FF1C-0A8A-41FF-94F0-B322345139BC}.Release|iPhoneSimulator.ActiveCfg = Release|Any CPU
		{9483FF1C-0A8A-41FF-94F0-B322345139BC}.Release|iPhoneSimulator.Build.0 = Release|Any CPU
		{9483FF1C-0A8A-41FF-94F0-B322345139BC}.Release|iPhoneSimulator.Deploy.0 = Release|Any CPU
		{9483FF1C-0A8A-41FF-94F0-B322345139BC}.Release|x64.ActiveCfg = Release|Any CPU
		{9483FF1C-0A8A-41FF-94F0-B322345139BC}.Release|x64.Build.0 = Release|Any CPU
		{9483FF1C-0A8A-41FF-94F0-B322345139BC}.Release|x64.Deploy.0 = Release|Any CPU
		{9483FF1C-0A8A-41FF-94F0-B322345139BC}.Release|x86.ActiveCfg = Release|Any CPU
		{9483FF1C-0A8A-41FF-94F0-B322345139BC}.Release|x86.Build.0 = Release|Any CPU
		{9483FF1C-0A8A-41FF-94F0-B322345139BC}.Release|x86.Deploy.0 = Release|Any CPU
	EndGlobalSection
	GlobalSection(SolutionProperties) = preSolution
		HideSolutionNode = FALSE
	EndGlobalSection
	GlobalSection(ExtensibilityGlobals) = postSolution
		SolutionGuid = {B1FDCC8A-7C7B-40CA-9180-C441A42048B7}
	EndGlobalSection
EndGlobal
