
Microsoft Visual Studio Solution File, Format Version 12.00
# Visual Studio Version 16
VisualStudioVersion = 16.0.30621.155
MinimumVisualStudioVersion = 10.0.40219.1
Project("{FAE04EC0-301F-11D3-BF4B-00C04F79EFBC}") = "MobileLabs2.3.UWP", "MobileLabs2.3\MobileLabs2.3.UWP\MobileLabs2.3.UWP.csproj", "{C60076F1-3B03-4E96-9B0B-EC83AEB97DA0}"
EndProject
Project("{FAE04EC0-301F-11D3-BF4B-00C04F79EFBC}") = "MobileLabs2.3.Android", "MobileLabs2.3\MobileLabs2.3.Android\MobileLabs2.3.Android.csproj", "{F09C71CD-2859-41B3-A835-175F30A6744A}"
EndProject
Project("{FAE04EC0-301F-11D3-BF4B-00C04F79EFBC}") = "MobileLabs2.3.iOS", "MobileLabs2.3\MobileLabs2.3.iOS\MobileLabs2.3.iOS.csproj", "{25EABB19-AA94-43CF-8E06-AE2E53329856}"
EndProject
Project("{FAE04EC0-301F-11D3-BF4B-00C04F79EFBC}") = "MobileLabs2.3", "MobileLabs2.3\MobileLabs2.3\MobileLabs2.3.csproj", "{DF2265C7-40BA-4454-AA9F-31C76AFFC70A}"
EndProject
Global
	GlobalSection(SolutionConfigurationPlatforms) = preSolution
		Debug|Any CPU = Debug|Any CPU
		Debug|ARM = Debug|ARM
		Debug|iPhone = Debug|iPhone
		Debug|iPhoneSimulator = Debug|iPhoneSimulator
		Debug|x64 = Debug|x64
		Debug|x86 = Debug|x86
		Release|Any CPU = Release|Any CPU
		Release|ARM = Release|ARM
		Release|iPhone = Release|iPhone
		Release|iPhoneSimulator = Release|iPhoneSimulator
		Release|x64 = Release|x64
		Release|x86 = Release|x86
	EndGlobalSection
	GlobalSection(ProjectConfigurationPlatforms) = postSolution
		{C60076F1-3B03-4E96-9B0B-EC83AEB97DA0}.Debug|Any CPU.ActiveCfg = Debug|x86
		{C60076F1-3B03-4E96-9B0B-EC83AEB97DA0}.Debug|Any CPU.Build.0 = Debug|x86
		{C60076F1-3B03-4E96-9B0B-EC83AEB97DA0}.Debug|Any CPU.Deploy.0 = Debug|x86
		{C60076F1-3B03-4E96-9B0B-EC83AEB97DA0}.Debug|ARM.ActiveCfg = Debug|ARM
		{C60076F1-3B03-4E96-9B0B-EC83AEB97DA0}.Debug|ARM.Build.0 = Debug|ARM
		{C60076F1-3B03-4E96-9B0B-EC83AEB97DA0}.Debug|ARM.Deploy.0 = Debug|ARM
		{C60076F1-3B03-4E96-9B0B-EC83AEB97DA0}.Debug|iPhone.ActiveCfg = Debug|x86
		{C60076F1-3B03-4E96-9B0B-EC83AEB97DA0}.Debug|iPhone.Build.0 = Debug|x86
		{C60076F1-3B03-4E96-9B0B-EC83AEB97DA0}.Debug|iPhone.Deploy.0 = Debug|x86
		{C60076F1-3B03-4E96-9B0B-EC83AEB97DA0}.Debug|iPhoneSimulator.ActiveCfg = Debug|x86
		{C60076F1-3B03-4E96-9B0B-EC83AEB97DA0}.Debug|iPhoneSimulator.Build.0 = Debug|x86
		{C60076F1-3B03-4E96-9B0B-EC83AEB97DA0}.Debug|iPhoneSimulator.Deploy.0 = Debug|x86
		{C60076F1-3B03-4E96-9B0B-EC83AEB97DA0}.Debug|x64.ActiveCfg = Debug|x64
		{C60076F1-3B03-4E96-9B0B-EC83AEB97DA0}.Debug|x64.Build.0 = Debug|x64
		{C60076F1-3B03-4E96-9B0B-EC83AEB97DA0}.Debug|x64.Deploy.0 = Debug|x64
		{C60076F1-3B03-4E96-9B0B-EC83AEB97DA0}.Debug|x86.ActiveCfg = Debug|x86
		{C60076F1-3B03-4E96-9B0B-EC83AEB97DA0}.Debug|x86.Build.0 = Debug|x86
		{C60076F1-3B03-4E96-9B0B-EC83AEB97DA0}.Debug|x86.Deploy.0 = Debug|x86
		{C60076F1-3B03-4E96-9B0B-EC83AEB97DA0}.Release|Any CPU.ActiveCfg = Release|x86
		{C60076F1-3B03-4E96-9B0B-EC83AEB97DA0}.Release|Any CPU.Build.0 = Release|x86
		{C60076F1-3B03-4E96-9B0B-EC83AEB97DA0}.Release|Any CPU.Deploy.0 = Release|x86
		{C60076F1-3B03-4E96-9B0B-EC83AEB97DA0}.Release|ARM.ActiveCfg = Release|ARM
		{C60076F1-3B03-4E96-9B0B-EC83AEB97DA0}.Release|ARM.Build.0 = Release|ARM
		{C60076F1-3B03-4E96-9B0B-EC83AEB97DA0}.Release|ARM.Deploy.0 = Release|ARM
		{C60076F1-3B03-4E96-9B0B-EC83AEB97DA0}.Release|iPhone.ActiveCfg = Release|x86
		{C60076F1-3B03-4E96-9B0B-EC83AEB97DA0}.Release|iPhone.Build.0 = Release|x86
		{C60076F1-3B03-4E96-9B0B-EC83AEB97DA0}.Release|iPhone.Deploy.0 = Release|x86
		{C60076F1-3B03-4E96-9B0B-EC83AEB97DA0}.Release|iPhoneSimulator.ActiveCfg = Release|x86
		{C60076F1-3B03-4E96-9B0B-EC83AEB97DA0}.Release|iPhoneSimulator.Build.0 = Release|x86
		{C60076F1-3B03-4E96-9B0B-EC83AEB97DA0}.Release|iPhoneSimulator.Deploy.0 = Release|x86
		{C60076F1-3B03-4E96-9B0B-EC83AEB97DA0}.Release|x64.ActiveCfg = Release|x64
		{C60076F1-3B03-4E96-9B0B-EC83AEB97DA0}.Release|x64.Build.0 = Release|x64
		{C60076F1-3B03-4E96-9B0B-EC83AEB97DA0}.Release|x64.Deploy.0 = Release|x64
		{C60076F1-3B03-4E96-9B0B-EC83AEB97DA0}.Release|x86.ActiveCfg = Release|x86
		{C60076F1-3B03-4E96-9B0B-EC83AEB97DA0}.Release|x86.Build.0 = Release|x86
		{C60076F1-3B03-4E96-9B0B-EC83AEB97DA0}.Release|x86.Deploy.0 = Release|x86
		{F09C71CD-2859-41B3-A835-175F30A6744A}.Debug|Any CPU.ActiveCfg = Debug|Any CPU
		{F09C71CD-2859-41B3-A835-175F30A6744A}.Debug|Any CPU.Build.0 = Debug|Any CPU
		{F09C71CD-2859-41B3-A835-175F30A6744A}.Debug|Any CPU.Deploy.0 = Debug|Any CPU
		{F09C71CD-2859-41B3-A835-175F30A6744A}.Debug|ARM.ActiveCfg = Debug|Any CPU
		{F09C71CD-2859-41B3-A835-175F30A6744A}.Debug|ARM.Build.0 = Debug|Any CPU
		{F09C71CD-2859-41B3-A835-175F30A6744A}.Debug|ARM.Deploy.0 = Debug|Any CPU
		{F09C71CD-2859-41B3-A835-175F30A6744A}.Debug|iPhone.ActiveCfg = Debug|Any CPU
		{F09C71CD-2859-41B3-A835-175F30A6744A}.Debug|iPhone.Build.0 = Debug|Any CPU
		{F09C71CD-2859-41B3-A835-175F30A6744A}.Debug|iPhone.Deploy.0 = Debug|Any CPU
		{F09C71CD-2859-41B3-A835-175F30A6744A}.Debug|iPhoneSimulator.ActiveCfg = Debug|Any CPU
		{F09C71CD-2859-41B3-A835-175F30A6744A}.Debug|iPhoneSimulator.Build.0 = Debug|Any CPU
		{F09C71CD-2859-41B3-A835-175F30A6744A}.Debug|iPhoneSimulator.Deploy.0 = Debug|Any CPU
		{F09C71CD-2859-41B3-A835-175F30A6744A}.Debug|x64.ActiveCfg = Debug|Any CPU
		{F09C71CD-2859-41B3-A835-175F30A6744A}.Debug|x64.Build.0 = Debug|Any CPU
		{F09C71CD-2859-41B3-A835-175F30A6744A}.Debug|x64.Deploy.0 = Debug|Any CPU
		{F09C71CD-2859-41B3-A835-175F30A6744A}.Debug|x86.ActiveCfg = Debug|Any CPU
		{F09C71CD-2859-41B3-A835-175F30A6744A}.Debug|x86.Build.0 = Debug|Any CPU
		{F09C71CD-2859-41B3-A835-175F30A6744A}.Debug|x86.Deploy.0 = Debug|Any CPU
		{F09C71CD-2859-41B3-A835-175F30A6744A}.Release|Any CPU.ActiveCfg = Release|Any CPU
		{F09C71CD-2859-41B3-A835-175F30A6744A}.Release|Any CPU.Build.0 = Release|Any CPU
		{F09C71CD-2859-41B3-A835-175F30A6744A}.Release|Any CPU.Deploy.0 = Release|Any CPU
		{F09C71CD-2859-41B3-A835-175F30A6744A}.Release|ARM.ActiveCfg = Release|Any CPU
		{F09C71CD-2859-41B3-A835-175F30A6744A}.Release|ARM.Build.0 = Release|Any CPU
		{F09C71CD-2859-41B3-A835-175F30A6744A}.Release|ARM.Deploy.0 = Release|Any CPU
		{F09C71CD-2859-41B3-A835-175F30A6744A}.Release|iPhone.ActiveCfg = Release|Any CPU
		{F09C71CD-2859-41B3-A835-175F30A6744A}.Release|iPhone.Build.0 = Release|Any CPU
		{F09C71CD-2859-41B3-A835-175F30A6744A}.Release|iPhone.Deploy.0 = Release|Any CPU
		{F09C71CD-2859-41B3-A835-175F30A6744A}.Release|iPhoneSimulator.ActiveCfg = Release|Any CPU
		{F09C71CD-2859-41B3-A835-175F30A6744A}.Release|iPhoneSimulator.Build.0 = Release|Any CPU
		{F09C71CD-2859-41B3-A835-175F30A6744A}.Release|iPhoneSimulator.Deploy.0 = Release|Any CPU
		{F09C71CD-2859-41B3-A835-175F30A6744A}.Release|x64.ActiveCfg = Release|Any CPU
		{F09C71CD-2859-41B3-A835-175F30A6744A}.Release|x64.Build.0 = Release|Any CPU
		{F09C71CD-2859-41B3-A835-175F30A6744A}.Release|x64.Deploy.0 = Release|Any CPU
		{F09C71CD-2859-41B3-A835-175F30A6744A}.Release|x86.ActiveCfg = Release|Any CPU
		{F09C71CD-2859-41B3-A835-175F30A6744A}.Release|x86.Build.0 = Release|Any CPU
		{F09C71CD-2859-41B3-A835-175F30A6744A}.Release|x86.Deploy.0 = Release|Any CPU
		{25EABB19-AA94-43CF-8E06-AE2E53329856}.Debug|Any CPU.ActiveCfg = Debug|iPhoneSimulator
		{25EABB19-AA94-43CF-8E06-AE2E53329856}.Debug|Any CPU.Build.0 = Debug|iPhoneSimulator
		{25EABB19-AA94-43CF-8E06-AE2E53329856}.Debug|Any CPU.Deploy.0 = Debug|iPhoneSimulator
		{25EABB19-AA94-43CF-8E06-AE2E53329856}.Debug|ARM.ActiveCfg = Debug|iPhone
		{25EABB19-AA94-43CF-8E06-AE2E53329856}.Debug|ARM.Build.0 = Debug|iPhone
		{25EABB19-AA94-43CF-8E06-AE2E53329856}.Debug|ARM.Deploy.0 = Debug|iPhone
		{25EABB19-AA94-43CF-8E06-AE2E53329856}.Debug|iPhone.ActiveCfg = Debug|iPhone
		{25EABB19-AA94-43CF-8E06-AE2E53329856}.Debug|iPhone.Build.0 = Debug|iPhone
		{25EABB19-AA94-43CF-8E06-AE2E53329856}.Debug|iPhone.Deploy.0 = Debug|iPhone
		{25EABB19-AA94-43CF-8E06-AE2E53329856}.Debug|iPhoneSimulator.ActiveCfg = Debug|iPhoneSimulator
		{25EABB19-AA94-43CF-8E06-AE2E53329856}.Debug|iPhoneSimulator.Build.0 = Debug|iPhoneSimulator
		{25EABB19-AA94-43CF-8E06-AE2E53329856}.Debug|iPhoneSimulator.Deploy.0 = Debug|iPhoneSimulator
		{25EABB19-AA94-43CF-8E06-AE2E53329856}.Debug|x64.ActiveCfg = Debug|iPhoneSimulator
		{25EABB19-AA94-43CF-8E06-AE2E53329856}.Debug|x64.Build.0 = Debug|iPhoneSimulator
		{25EABB19-AA94-43CF-8E06-AE2E53329856}.Debug|x64.Deploy.0 = Debug|iPhoneSimulator
		{25EABB19-AA94-43CF-8E06-AE2E53329856}.Debug|x86.ActiveCfg = Debug|iPhoneSimulator
		{25EABB19-AA94-43CF-8E06-AE2E53329856}.Debug|x86.Build.0 = Debug|iPhoneSimulator
		{25EABB19-AA94-43CF-8E06-AE2E53329856}.Debug|x86.Deploy.0 = Debug|iPhoneSimulator
		{25EABB19-AA94-43CF-8E06-AE2E53329856}.Release|Any CPU.ActiveCfg = Release|iPhoneSimulator
		{25EABB19-AA94-43CF-8E06-AE2E53329856}.Release|Any CPU.Build.0 = Release|iPhoneSimulator
		{25EABB19-AA94-43CF-8E06-AE2E53329856}.Release|Any CPU.Deploy.0 = Release|iPhoneSimulator
		{25EABB19-AA94-43CF-8E06-AE2E53329856}.Release|ARM.ActiveCfg = Release|iPhoneSimulator
		{25EABB19-AA94-43CF-8E06-AE2E53329856}.Release|ARM.Build.0 = Release|iPhoneSimulator
		{25EABB19-AA94-43CF-8E06-AE2E53329856}.Release|ARM.Deploy.0 = Release|iPhoneSimulator
		{25EABB19-AA94-43CF-8E06-AE2E53329856}.Release|iPhone.ActiveCfg = Release|iPhone
		{25EABB19-AA94-43CF-8E06-AE2E53329856}.Release|iPhone.Build.0 = Release|iPhone
		{25EABB19-AA94-43CF-8E06-AE2E53329856}.Release|iPhone.Deploy.0 = Release|iPhone
		{25EABB19-AA94-43CF-8E06-AE2E53329856}.Release|iPhoneSimulator.ActiveCfg = Release|iPhoneSimulator
		{25EABB19-AA94-43CF-8E06-AE2E53329856}.Release|iPhoneSimulator.Build.0 = Release|iPhoneSimulator
		{25EABB19-AA94-43CF-8E06-AE2E53329856}.Release|iPhoneSimulator.Deploy.0 = Release|iPhoneSimulator
		{25EABB19-AA94-43CF-8E06-AE2E53329856}.Release|x64.ActiveCfg = Release|iPhoneSimulator
		{25EABB19-AA94-43CF-8E06-AE2E53329856}.Release|x64.Build.0 = Release|iPhoneSimulator
		{25EABB19-AA94-43CF-8E06-AE2E53329856}.Release|x64.Deploy.0 = Release|iPhoneSimulator
		{25EABB19-AA94-43CF-8E06-AE2E53329856}.Release|x86.ActiveCfg = Release|iPhoneSimulator
		{25EABB19-AA94-43CF-8E06-AE2E53329856}.Release|x86.Build.0 = Release|iPhoneSimulator
		{25EABB19-AA94-43CF-8E06-AE2E53329856}.Release|x86.Deploy.0 = Release|iPhoneSimulator
		{DF2265C7-40BA-4454-AA9F-31C76AFFC70A}.Debug|Any CPU.ActiveCfg = Debug|Any CPU
		{DF2265C7-40BA-4454-AA9F-31C76AFFC70A}.Debug|Any CPU.Build.0 = Debug|Any CPU
		{DF2265C7-40BA-4454-AA9F-31C76AFFC70A}.Debug|Any CPU.Deploy.0 = Debug|Any CPU
		{DF2265C7-40BA-4454-AA9F-31C76AFFC70A}.Debug|ARM.ActiveCfg = Debug|Any CPU
		{DF2265C7-40BA-4454-AA9F-31C76AFFC70A}.Debug|ARM.Build.0 = Debug|Any CPU
		{DF2265C7-40BA-4454-AA9F-31C76AFFC70A}.Debug|ARM.Deploy.0 = Debug|Any CPU
		{DF2265C7-40BA-4454-AA9F-31C76AFFC70A}.Debug|iPhone.ActiveCfg = Debug|Any CPU
		{DF2265C7-40BA-4454-AA9F-31C76AFFC70A}.Debug|iPhone.Build.0 = Debug|Any CPU
		{DF2265C7-40BA-4454-AA9F-31C76AFFC70A}.Debug|iPhone.Deploy.0 = Debug|Any CPU
		{DF2265C7-40BA-4454-AA9F-31C76AFFC70A}.Debug|iPhoneSimulator.ActiveCfg = Debug|Any CPU
		{DF2265C7-40BA-4454-AA9F-31C76AFFC70A}.Debug|iPhoneSimulator.Build.0 = Debug|Any CPU
		{DF2265C7-40BA-4454-AA9F-31C76AFFC70A}.Debug|iPhoneSimulator.Deploy.0 = Debug|Any CPU
		{DF2265C7-40BA-4454-AA9F-31C76AFFC70A}.Debug|x64.ActiveCfg = Debug|Any CPU
		{DF2265C7-40BA-4454-AA9F-31C76AFFC70A}.Debug|x64.Build.0 = Debug|Any CPU
		{DF2265C7-40BA-4454-AA9F-31C76AFFC70A}.Debug|x64.Deploy.0 = Debug|Any CPU
		{DF2265C7-40BA-4454-AA9F-31C76AFFC70A}.Debug|x86.ActiveCfg = Debug|Any CPU
		{DF2265C7-40BA-4454-AA9F-31C76AFFC70A}.Debug|x86.Build.0 = Debug|Any CPU
		{DF2265C7-40BA-4454-AA9F-31C76AFFC70A}.Debug|x86.Deploy.0 = Debug|Any CPU
		{DF2265C7-40BA-4454-AA9F-31C76AFFC70A}.Release|Any CPU.ActiveCfg = Release|Any CPU
		{DF2265C7-40BA-4454-AA9F-31C76AFFC70A}.Release|Any CPU.Build.0 = Release|Any CPU
		{DF2265C7-40BA-4454-AA9F-31C76AFFC70A}.Release|Any CPU.Deploy.0 = Release|Any CPU
		{DF2265C7-40BA-4454-AA9F-31C76AFFC70A}.Release|ARM.ActiveCfg = Release|Any CPU
		{DF2265C7-40BA-4454-AA9F-31C76AFFC70A}.Release|ARM.Build.0 = Release|Any CPU
		{DF2265C7-40BA-4454-AA9F-31C76AFFC70A}.Release|ARM.Deploy.0 = Release|Any CPU
		{DF2265C7-40BA-4454-AA9F-31C76AFFC70A}.Release|iPhone.ActiveCfg = Release|Any CPU
		{DF2265C7-40BA-4454-AA9F-31C76AFFC70A}.Release|iPhone.Build.0 = Release|Any CPU
		{DF2265C7-40BA-4454-AA9F-31C76AFFC70A}.Release|iPhone.Deploy.0 = Release|Any CPU
		{DF2265C7-40BA-4454-AA9F-31C76AFFC70A}.Release|iPhoneSimulator.ActiveCfg = Release|Any CPU
		{DF2265C7-40BA-4454-AA9F-31C76AFFC70A}.Release|iPhoneSimulator.Build.0 = Release|Any CPU
		{DF2265C7-40BA-4454-AA9F-31C76AFFC70A}.Release|iPhoneSimulator.Deploy.0 = Release|Any CPU
		{DF2265C7-40BA-4454-AA9F-31C76AFFC70A}.Release|x64.ActiveCfg = Release|Any CPU
		{DF2265C7-40BA-4454-AA9F-31C76AFFC70A}.Release|x64.Build.0 = Release|Any CPU
		{DF2265C7-40BA-4454-AA9F-31C76AFFC70A}.Release|x64.Deploy.0 = Release|Any CPU
		{DF2265C7-40BA-4454-AA9F-31C76AFFC70A}.Release|x86.ActiveCfg = Release|Any CPU
		{DF2265C7-40BA-4454-AA9F-31C76AFFC70A}.Release|x86.Build.0 = Release|Any CPU
		{DF2265C7-40BA-4454-AA9F-31C76AFFC70A}.Release|x86.Deploy.0 = Release|Any CPU
	EndGlobalSection
	GlobalSection(SolutionProperties) = preSolution
		HideSolutionNode = FALSE
	EndGlobalSection
	GlobalSection(ExtensibilityGlobals) = postSolution
		SolutionGuid = {52965C04-6895-49C0-84AC-878216792381}
	EndGlobalSection
EndGlobal
